
Microsoft Visual Studio Solution File, Format Version 12.00
# Visual Studio Version 16
VisualStudioVersion = 16.0.32126.315
MinimumVisualStudioVersion = 10.0.40219.1
Project("{FAE04EC0-301F-11D3-BF4B-00C04F79EFBC}") = "ConsoleApp1", "ConsoleApp1\ConsoleApp1.csproj", "{92144C24-DFBB-423D-80B0-BDB2FE17C415}"
EndProject
Global
	GlobalSection(SolutionConfigurationPlatforms) = preSolution
		Debug|Any CPU = Debug|Any CPU
		Release|Any CPU = Release|Any CPU
	EndGlobalSection
	GlobalSection(ProjectConfigurationPlatforms) = postSolution
		{92144C24-DFBB-423D-80B0-BDB2FE17C415}.Debug|Any CPU.ActiveCfg = Debug|Any CPU
		{92144C24-DFBB-423D-80B0-BDB2FE17C415}.Debug|Any CPU.Build.0 = Debug|Any CPU
		{92144C24-DFBB-423D-80B0-BDB2FE17C415}.Release|Any CPU.ActiveCfg = Release|Any CPU
		{92144C24-DFBB-423D-80B0-BDB2FE17C415}.Release|Any CPU.Build.0 = Release|Any CPU
	EndGlobalSection
	GlobalSection(SolutionProperties) = preSolution
		HideSolutionNode = FALSE
	EndGlobalSection
	GlobalSection(ExtensibilityGlobals) = postSolution
		SolutionGuid = {80F4A5FA-704E-4D97-B744-07A34B9047C5}
	EndGlobalSection
EndGlobal
